<?xml version="1.0" encoding="utf-8"?>
<Project ToolsVersion="4.0" xmlns="http://schemas.microsoft.com/developer/msbuild/2003">
  <ItemGroup>
    <Filter Include="test">
      <UniqueIdentifier>{f126551f-5642-4f3a-8d1f-bf2df9b5d27f}</UniqueIdentifier>
    </Filter>
    <Filter Include="Selene">
      <UniqueIdentifier>{d9adeda2-f3ab-49b1-88d4-8c49140e5da4}</UniqueIdentifier>
    </Filter>
  </ItemGroup>
  <ItemGroup>
    <ClInclude Include="..\test\common\lifetime.h">
      <Filter>test</Filter>
    </ClInclude>
    <ClInclude Include="..\test\class_tests.h">
      <Filter>test</Filter>
    </ClInclude>
    <ClInclude Include="..\test\error_tests.h">
      <Filter>test</Filter>
    </ClInclude>
    <ClInclude Include="..\test\exception_tests.h">
      <Filter>test</Filter>
    </ClInclude>
    <ClInclude Include="..\test\interop_tests.h">
      <Filter>test</Filter>
    </ClInclude>
    <ClInclude Include="..\test\metatable_tests.h">
      <Filter>test</Filter>
    </ClInclude>
    <ClInclude Include="..\test\obj_tests.h">
      <Filter>test</Filter>
    </ClInclude>
    <ClInclude Include="..\test\reference_tests.h">
      <Filter>test</Filter>
    </ClInclude>
    <ClInclude Include="..\test\selector_tests.h">
      <Filter>test</Filter>
    </ClInclude>
    <ClInclude Include="..\include\selene.h">
      <Filter>Selene</Filter>
    </ClInclude>
    <ClInclude Include="..\include\selene\BaseFun.h">
      <Filter>Selene</Filter>
    </ClInclude>
    <ClInclude Include="..\include\selene\Class.h">
      <Filter>Selene</Filter>
    </ClInclude>
    <ClInclude Include="..\include\selene\ClassFun.h">
      <Filter>Selene</Filter>
    </ClInclude>
    <ClInclude Include="..\include\selene\Ctor.h">
      <Filter>Selene</Filter>
    </ClInclude>
    <ClInclude Include="..\include\selene\Dtor.h">
      <Filter>Selene</Filter>
    </ClInclude>
    <ClInclude Include="..\include\selene\ExceptionHandler.h">
      <Filter>Selene</Filter>
    </ClInclude>
    <ClInclude Include="..\include\selene\ExceptionTypes.h">
      <Filter>Selene</Filter>
    </ClInclude>
    <ClInclude Include="..\include\selene\Fun.h">
      <Filter>Selene</Filter>
    </ClInclude>
    <ClInclude Include="..\include\selene\function.h">
      <Filter>Selene</Filter>
    </ClInclude>
    <ClInclude Include="..\include\selene\LuaName.h">
      <Filter>Selene</Filter>
    </ClInclude>
    <ClInclude Include="..\include\selene\LuaRef.h">
      <Filter>Selene</Filter>
    </ClInclude>
    <ClInclude Include="..\include\selene\MetatableRegistry.h">
      <Filter>Selene</Filter>
    </ClInclude>
    <ClInclude Include="..\include\selene\Obj.h">
      <Filter>Selene</Filter>
    </ClInclude>
    <ClInclude Include="..\include\selene\ObjFun.h">
      <Filter>Selene</Filter>
    </ClInclude>
    <ClInclude Include="..\include\selene\primitives.h">
      <Filter>Selene</Filter>
    </ClInclude>
    <ClInclude Include="..\include\selene\references.h">
      <Filter>Selene</Filter>
    </ClInclude>
    <ClInclude Include="..\include\selene\Registry.h">
      <Filter>Selene</Filter>
    </ClInclude>
    <ClInclude Include="..\include\selene\ResourceHandler.h">
      <Filter>Selene</Filter>
    </ClInclude>
    <ClInclude Include="..\include\selene\Selector.h">
      <Filter>Selene</Filter>
    </ClInclude>
    <ClInclude Include="..\include\selene\State.h">
      <Filter>Selene</Filter>
    </ClInclude>
    <ClInclude Include="..\include\selene\traits.h">
      <Filter>Selene</Filter>
    </ClInclude>
    <ClInclude Include="..\include\selene\Tuple.h">
      <Filter>Selene</Filter>
    </ClInclude>
    <ClInclude Include="..\include\selene\util.h">
      <Filter>Selene</Filter>
    </ClInclude>
    <ClInclude Include="..\test\multiclass_tests.h">
      <Filter>test</Filter>
    </ClInclude>
    <ClInclude Include="..\include\selene\ObjPtr.h">
      <Filter>Selene</Filter>
    </ClInclude>
  </ItemGroup>
  <ItemGroup>
    <ClCompile Include="..\test\Test.cpp">
      <Filter>test</Filter>
    </ClCompile>
  </ItemGroup>
  <ItemGroup>
    <None Include="..\test\test.lua">
      <Filter>test</Filter>
    </None>
    <None Include="..\test\test_class.lua">
      <Filter>test</Filter>
    </None>
    <None Include="..\test\test_error.lua">
      <Filter>test</Filter>
    </None>
    <None Include="..\test\test_exceptions.lua">
      <Filter>test</Filter>
    </None>
    <None Include="..\test\test_gc.lua">
      <Filter>test</Filter>
    </None>
    <None Include="..\test\test_metatable.lua">
      <Filter>test</Filter>
    </None>
    <None Include="..\test\test_ref.lua">
      <Filter>test</Filter>
    </None>
    <None Include="..\test\test_syntax_error.lua">
      <Filter>test</Filter>
    </None>
  </ItemGroup>
</Project>